
Microsoft Visual Studio Solution File, Format Version 12.00
# Visual Studio 15
VisualStudioVersion = 15.0.26403.7
MinimumVisualStudioVersion = 10.0.40219.1
Project("{FAE04EC0-301F-11D3-BF4B-00C04F79EFBC}") = "Idfy.Events.Entities", "Idfy.Events.Entities\Idfy.Events.Entities.csproj", "{94FE24DC-E7FA-4DBA-99E4-3473855E30B8}"
EndProject
Project("{FAE04EC0-301F-11D3-BF4B-00C04F79EFBC}") = "Idfy.Events.Client", "Idfy.Events.Client\Idfy.Events.Client.csproj", "{899E43A8-4F32-43F1-AB19-BABA82D38F5D}"
EndProject
Project("{FAE04EC0-301F-11D3-BF4B-00C04F79EFBC}") = "Idfy.Events.Tests", "Idfy.Events.Tests\Idfy.Events.Tests.csproj", "{028FC6CE-F37C-456F-94B5-3C8ABC428C7B}"
EndProject
Project("{FAE04EC0-301F-11D3-BF4B-00C04F79EFBC}") = "Idfy.Events.Sample", "Idfy.Events.Sample\Idfy.Events.Sample.csproj", "{D939CDBD-3F25-4862-8933-C96A819E404D}"
EndProject
Global
	GlobalSection(SolutionConfigurationPlatforms) = preSolution
		Debug|Any CPU = Debug|Any CPU
		Release|Any CPU = Release|Any CPU
	EndGlobalSection
	GlobalSection(ProjectConfigurationPlatforms) = postSolution
		{94FE24DC-E7FA-4DBA-99E4-3473855E30B8}.Debug|Any CPU.ActiveCfg = Debug|Any CPU
		{94FE24DC-E7FA-4DBA-99E4-3473855E30B8}.Debug|Any CPU.Build.0 = Debug|Any CPU
		{94FE24DC-E7FA-4DBA-99E4-3473855E30B8}.Release|Any CPU.ActiveCfg = Release|Any CPU
		{94FE24DC-E7FA-4DBA-99E4-3473855E30B8}.Release|Any CPU.Build.0 = Release|Any CPU
		{899E43A8-4F32-43F1-AB19-BABA82D38F5D}.Debug|Any CPU.ActiveCfg = Debug|Any CPU
		{899E43A8-4F32-43F1-AB19-BABA82D38F5D}.Debug|Any CPU.Build.0 = Debug|Any CPU
		{899E43A8-4F32-43F1-AB19-BABA82D38F5D}.Release|Any CPU.ActiveCfg = Release|Any CPU
		{899E43A8-4F32-43F1-AB19-BABA82D38F5D}.Release|Any CPU.Build.0 = Release|Any CPU
		{028FC6CE-F37C-456F-94B5-3C8ABC428C7B}.Debug|Any CPU.ActiveCfg = Debug|Any CPU
		{028FC6CE-F37C-456F-94B5-3C8ABC428C7B}.Debug|Any CPU.Build.0 = Debug|Any CPU
		{028FC6CE-F37C-456F-94B5-3C8ABC428C7B}.Release|Any CPU.ActiveCfg = Release|Any CPU
		{028FC6CE-F37C-456F-94B5-3C8ABC428C7B}.Release|Any CPU.Build.0 = Release|Any CPU
		{D939CDBD-3F25-4862-8933-C96A819E404D}.Debug|Any CPU.ActiveCfg = Debug|Any CPU
		{D939CDBD-3F25-4862-8933-C96A819E404D}.Debug|Any CPU.Build.0 = Debug|Any CPU
		{D939CDBD-3F25-4862-8933-C96A819E404D}.Release|Any CPU.ActiveCfg = Release|Any CPU
		{D939CDBD-3F25-4862-8933-C96A819E404D}.Release|Any CPU.Build.0 = Release|Any CPU
	EndGlobalSection
	GlobalSection(SolutionProperties) = preSolution
		HideSolutionNode = FALSE
	EndGlobalSection
EndGlobal
